<?xml version="1.0" encoding="utf-8"?>
<Project ToolsVersion="4.0" xmlns="http://schemas.microsoft.com/developer/msbuild/2003">
  <ItemGroup>
    <ClCompile Include="src\Game\Pieces\ChessPiece.cpp">
      <Filter>src\Game\Pieces</Filter>
    </ClCompile>
    <ClCompile Include="src\Game\States\BattleState.cpp">
      <Filter>src\Game\States</Filter>
    </ClCompile>
    <ClCompile Include="src\Game\Board\BoardSquare.cpp">
      <Filter>src\Game\Board</Filter>
    </ClCompile>
    <ClCompile Include="src\Game\Board\ChessBoard.cpp">
      <Filter>src\Game\Board</Filter>
    </ClCompile>
    <ClCompile Include="src\Main\main.cpp">
      <Filter>src\Main</Filter>
    </ClCompile>
    <ClCompile Include="src\Main\ofApp.cpp">
      <Filter>src\Main</Filter>
    </ClCompile>
    <ClCompile Include="src\Resources\Animation.cpp">
      <Filter>src\Resources</Filter>
    </ClCompile>
    <ClCompile Include="src\Resources\Sprites.cpp">
      <Filter>src\Resources</Filter>
    </ClCompile>
    <ClCompile Include="src\Resources\Utils.cpp">
      <Filter>src\Resources</Filter>
    </ClCompile>
    <ClCompile Include="src\Game\Pieces\Rook.cpp">
      <Filter>src\Game\Pieces</Filter>
    </ClCompile>
    <ClCompile Include="src\Game\Pieces\Queen.cpp">
      <Filter>src\Game\Pieces</Filter>
    </ClCompile>
    <ClCompile Include="src\Game\Pieces\Pawn.cpp">
      <Filter>src\Game\Pieces</Filter>
    </ClCompile>
    <ClCompile Include="src\Game\Pieces\Knight.cpp">
      <Filter>src\Game\Pieces</Filter>
    </ClCompile>
    <ClCompile Include="src\Game\Pieces\King.cpp">
      <Filter>src\Game\Pieces</Filter>
    </ClCompile>
    <ClCompile Include="src\Game\Pieces\Bishop.cpp">
      <Filter>src\Game\Pieces</Filter>
    </ClCompile>
  </ItemGroup>
  <ItemGroup>
    <Filter Include="src">
      <UniqueIdentifier>{d8376475-7454-4a24-b08a-aac121d3ad6f}</UniqueIdentifier>
    </Filter>
    <Filter Include="src\Main">
      <UniqueIdentifier>{9e8adfab-8d16-49fa-8aa3-b1354e9db07a}</UniqueIdentifier>
    </Filter>
    <Filter Include="src\Game">
      <UniqueIdentifier>{e6df8f27-3ada-429b-819d-7496778ec84d}</UniqueIdentifier>
    </Filter>
    <Filter Include="src\Resources">
      <UniqueIdentifier>{5b836ef4-5919-4f80-b36d-67316b1cb429}</UniqueIdentifier>
    </Filter>
    <Filter Include="src\Game\States">
      <UniqueIdentifier>{9f0393d3-164e-4f43-ab87-b77687979b9c}</UniqueIdentifier>
    </Filter>
    <Filter Include="src\Game\Pieces">
      <UniqueIdentifier>{b2d9a1b8-bdaf-429f-ac81-4086ff0af61a}</UniqueIdentifier>
    </Filter>
    <Filter Include="images">
      <UniqueIdentifier>{6cbbd39b-ba6f-4efe-932d-0ce85488415f}</UniqueIdentifier>
    </Filter>
    <Filter Include="src\Game\Board">
      <UniqueIdentifier>{a702ce42-34b5-4b06-b1cd-5279650d173e}</UniqueIdentifier>
    </Filter>
  </ItemGroup>
  <ItemGroup>
    <ResourceCompile Include="icon.rc" />
  </ItemGroup>
  <ItemGroup>
    <ClInclude Include="src\Game\Pieces\ChessPiece.h">
      <Filter>src\Game\Pieces</Filter>
    </ClInclude>
    <ClInclude Include="src\Game\States\BattleState.h">
      <Filter>src\Game\States</Filter>
    </ClInclude>
    <ClInclude Include="src\Game\Board\ChessBoard.h">
      <Filter>src\Game\Board</Filter>
    </ClInclude>
    <ClInclude Include="src\Game\Board\BoardSquare.h">
      <Filter>src\Game\Board</Filter>
    </ClInclude>
    <ClInclude Include="src\Main\ofApp.h">
      <Filter>src\Main</Filter>
    </ClInclude>
    <ClInclude Include="src\Resources\Animation.h">
      <Filter>src\Resources</Filter>
    </ClInclude>
    <ClInclude Include="src\Resources\Utils.h">
      <Filter>src\Resources</Filter>
    </ClInclude>
    <ClInclude Include="src\Resources\Sprites.h">
      <Filter>src\Resources</Filter>
    </ClInclude>
    <ClInclude Include="src\Game\Pieces\Rook.h">
      <Filter>src\Game\Pieces</Filter>
    </ClInclude>
    <ClInclude Include="src\Game\Pieces\Queen.h">
      <Filter>src\Game\Pieces</Filter>
    </ClInclude>
    <ClInclude Include="src\Game\Pieces\Pawn.h">
      <Filter>src\Game\Pieces</Filter>
    </ClInclude>
    <ClInclude Include="src\Game\Pieces\Knight.h">
      <Filter>src\Game\Pieces</Filter>
    </ClInclude>
    <ClInclude Include="src\Game\Pieces\King.h">
      <Filter>src\Game\Pieces</Filter>
    </ClInclude>
    <ClInclude Include="src\Game\Pieces\Bishop.h">
      <Filter>src\Game\Pieces</Filter>
    </ClInclude>
  </ItemGroup>
  <ItemGroup>
    <None Include=".gitattributes" />
    <None Include=".gitignore" />
    <None Include="addons.make" />
    <None Include="bin\data\.gitkeep" />
  </ItemGroup>
  <ItemGroup>
    <Image Include="bin\data\images\pieces\blue.png">
      <Filter>images</Filter>
    </Image>
    <Image Include="bin\data\images\pieces\red.png">
      <Filter>images</Filter>
    </Image>
    <Image Include="bin\data\images\board\1.png">
      <Filter>images</Filter>
    </Image>
  </ItemGroup>
</Project>